<?xml version="1.0" encoding="UTF-8" standalone="yes" ?>
<CodeBlocks_project_file>
	<FileVersion major="1" minor="6" />
	<Project>
		<Option title="OOP2a" />
		<Option makefile_is_custom="1" />
		<Option compiler="gcc" />
		<Option virtualFolders="CMake Files/" />
		<Build>
			<Target title="all">
				<Option output="main" prefix_auto="0" extension_auto="0" />
				<Option working_dir="" />
				<Option object_output="/home/ezz/OOP2a/code/.build/.objs" />
				<Option type="1" />
				<Option compiler="gcc" />
				<MakeCommands>
					<Build command='/usr/bin/make -f &quot;/home/ezz/OOP2a/code/.build/Makefile&quot;  VERBOSE=1 all' />
					<CompileFile command='/usr/bin/make -f &quot;/home/ezz/OOP2a/code/.build/Makefile&quot;  VERBOSE=1 &quot;$file&quot;' />
					<Clean command='/usr/bin/make -f &quot;/home/ezz/OOP2a/code/.build/Makefile&quot;  VERBOSE=1 clean' />
					<DistClean command='/usr/bin/make -f &quot;/home/ezz/OOP2a/code/.build/Makefile&quot;  VERBOSE=1 clean' />
					<AskRebuildNeeded command="$make -q -f $makefile $target" />
					<SilentBuild command="$make -f $makefile $target &gt; $(CMD_NULL)" />
				</MakeCommands>
			</Target>
			<Target title="main_library">
				<Option output="/home/ezz/OOP2a/code/.build/libmain_library.a" prefix_auto="0" extension_auto="0" />
				<Option working_dir="" />
				<Option object_output="./" />
				<Option type="2" />
				<Option compiler="gcc" />
				<Compiler>
					<Add directory="/home/ezz/OOP2a/code/include" />
				</Compiler>
				<MakeCommands>
					<Build command='/usr/bin/make -f &quot;/home/ezz/OOP2a/code/.build/Makefile&quot;  VERBOSE=1 main_library' />
					<CompileFile command='/usr/bin/make -f &quot;/home/ezz/OOP2a/code/.build/Makefile&quot;  VERBOSE=1 &quot;$file&quot;' />
					<Clean command='/usr/bin/make -f &quot;/home/ezz/OOP2a/code/.build/Makefile&quot;  VERBOSE=1 clean' />
					<DistClean command='/usr/bin/make -f &quot;/home/ezz/OOP2a/code/.build/Makefile&quot;  VERBOSE=1 clean' />
					<AskRebuildNeeded command="$make -q -f $makefile $target" />
					<SilentBuild command="$make -f $makefile $target &gt; $(CMD_NULL)" />
				</MakeCommands>
			</Target>
			<Target title="main_library/fast">
				<Option output="/home/ezz/OOP2a/code/.build/libmain_library.a" prefix_auto="0" extension_auto="0" />
				<Option working_dir="" />
				<Option object_output="./" />
				<Option type="2" />
				<Option compiler="gcc" />
				<Compiler>
					<Add directory="/home/ezz/OOP2a/code/include" />
				</Compiler>
				<MakeCommands>
					<Build command='/usr/bin/make -f &quot;/home/ezz/OOP2a/code/.build/Makefile&quot;  VERBOSE=1 main_library/fast' />
					<CompileFile command='/usr/bin/make -f &quot;/home/ezz/OOP2a/code/.build/Makefile&quot;  VERBOSE=1 &quot;$file&quot;' />
					<Clean command='/usr/bin/make -f &quot;/home/ezz/OOP2a/code/.build/Makefile&quot;  VERBOSE=1 clean' />
					<DistClean command='/usr/bin/make -f &quot;/home/ezz/OOP2a/code/.build/Makefile&quot;  VERBOSE=1 clean' />
					<AskRebuildNeeded command="$make -q -f $makefile $target" />
					<SilentBuild command="$make -f $makefile $target &gt; $(CMD_NULL)" />
				</MakeCommands>
			</Target>
			<Target title="main">
				<Option output="/home/ezz/OOP2a/code/.build/main" prefix_auto="0" extension_auto="0" />
				<Option working_dir="/home/ezz/OOP2a/code/.build" />
				<Option object_output="./" />
				<Option type="1" />
				<Option compiler="gcc" />
				<Compiler>
					<Add directory="/home/ezz/OOP2a/code/include" />
				</Compiler>
				<MakeCommands>
					<Build command='/usr/bin/make -f &quot;/home/ezz/OOP2a/code/.build/Makefile&quot;  VERBOSE=1 main' />
					<CompileFile command='/usr/bin/make -f &quot;/home/ezz/OOP2a/code/.build/Makefile&quot;  VERBOSE=1 &quot;$file&quot;' />
					<Clean command='/usr/bin/make -f &quot;/home/ezz/OOP2a/code/.build/Makefile&quot;  VERBOSE=1 clean' />
					<DistClean command='/usr/bin/make -f &quot;/home/ezz/OOP2a/code/.build/Makefile&quot;  VERBOSE=1 clean' />
					<AskRebuildNeeded command="$make -q -f $makefile $target" />
					<SilentBuild command="$make -f $makefile $target &gt; $(CMD_NULL)" />
				</MakeCommands>
			</Target>
			<Target title="main/fast">
				<Option output="/home/ezz/OOP2a/code/.build/main" prefix_auto="0" extension_auto="0" />
				<Option working_dir="/home/ezz/OOP2a/code/.build" />
				<Option object_output="./" />
				<Option type="1" />
				<Option compiler="gcc" />
				<Compiler>
					<Add directory="/home/ezz/OOP2a/code/include" />
				</Compiler>
				<MakeCommands>
					<Build command='/usr/bin/make -f &quot;/home/ezz/OOP2a/code/.build/Makefile&quot;  VERBOSE=1 main/fast' />
					<CompileFile command='/usr/bin/make -f &quot;/home/ezz/OOP2a/code/.build/Makefile&quot;  VERBOSE=1 &quot;$file&quot;' />
					<Clean command='/usr/bin/make -f &quot;/home/ezz/OOP2a/code/.build/Makefile&quot;  VERBOSE=1 clean' />
					<DistClean command='/usr/bin/make -f &quot;/home/ezz/OOP2a/code/.build/Makefile&quot;  VERBOSE=1 clean' />
					<AskRebuildNeeded command="$make -q -f $makefile $target" />
					<SilentBuild command="$make -f $makefile $target &gt; $(CMD_NULL)" />
				</MakeCommands>
			</Target>
			<Target title="edit_cache">
				<Option type="4" />
				<Option compiler="gcc" />
				<MakeCommands>
					<Build command='/usr/bin/make -f &quot;/home/ezz/OOP2a/code/.build/Makefile&quot;  VERBOSE=1 edit_cache' />
					<CompileFile command='/usr/bin/make -f &quot;/home/ezz/OOP2a/code/.build/Makefile&quot;  VERBOSE=1 &quot;$file&quot;' />
					<Clean command='/usr/bin/make -f &quot;/home/ezz/OOP2a/code/.build/Makefile&quot;  VERBOSE=1 clean' />
					<DistClean command='/usr/bin/make -f &quot;/home/ezz/OOP2a/code/.build/Makefile&quot;  VERBOSE=1 clean' />
					<AskRebuildNeeded command="$make -q -f $makefile $target" />
					<SilentBuild command="$make -f $makefile $target &gt; $(CMD_NULL)" />
				</MakeCommands>
			</Target>
			<Target title="rebuild_cache">
				<Option type="4" />
				<Option compiler="gcc" />
				<MakeCommands>
					<Build command='/usr/bin/make -f &quot;/home/ezz/OOP2a/code/.build/Makefile&quot;  VERBOSE=1 rebuild_cache' />
					<CompileFile command='/usr/bin/make -f &quot;/home/ezz/OOP2a/code/.build/Makefile&quot;  VERBOSE=1 &quot;$file&quot;' />
					<Clean command='/usr/bin/make -f &quot;/home/ezz/OOP2a/code/.build/Makefile&quot;  VERBOSE=1 clean' />
					<DistClean command='/usr/bin/make -f &quot;/home/ezz/OOP2a/code/.build/Makefile&quot;  VERBOSE=1 clean' />
					<AskRebuildNeeded command="$make -q -f $makefile $target" />
					<SilentBuild command="$make -f $makefile $target &gt; $(CMD_NULL)" />
				</MakeCommands>
			</Target>
		</Build>
		<Unit filename="../CMakeLists.txt">
			<Option virtualFolder="CMake Files/" />
		</Unit>
		<Unit filename="../include/benefit.h" />
		<Unit filename="../include/commissionemployee.h" />
		<Unit filename="../include/dentalBenefit.h" />
		<Unit filename="../include/department.h" />
		<Unit filename="../include/employee.h" />
		<Unit filename="../include/healthBenefit.h" />
		<Unit filename="../include/hourlyemployee.h" />
		<Unit filename="../include/hrSystem.h" />
		<Unit filename="../include/manageremployee.h" />
		<Unit filename="../include/salariedemployee.h" />
		<Unit filename="../main.cpp">
			<Option target="main" />
		</Unit>
		<Unit filename="../src/benefit.cpp">
			<Option target="main_library" />
		</Unit>
		<Unit filename="../src/commissionemployee.cpp">
			<Option target="main_library" />
		</Unit>
		<Unit filename="../src/dentalBenefit.cpp">
			<Option target="main_library" />
		</Unit>
		<Unit filename="../src/department.cpp">
			<Option target="main_library" />
		</Unit>
		<Unit filename="../src/employee.cpp">
			<Option target="main_library" />
		</Unit>
		<Unit filename="../src/healthBenefit.cpp">
			<Option target="main_library" />
		</Unit>
		<Unit filename="../src/hourlyemployee.cpp">
			<Option target="main_library" />
		</Unit>
		<Unit filename="../src/hrSystem.cpp">
			<Option target="main_library" />
		</Unit>
		<Unit filename="../src/manageremployee.cpp">
			<Option target="main_library" />
		</Unit>
		<Unit filename="../src/salariedemployee.cpp">
			<Option target="main_library" />
		</Unit>
		<Extensions>
			<lib_finder disable_auto="1" />
		</Extensions>
	</Project>
</CodeBlocks_project_file>
